
Microsoft Visual Studio Solution File, Format Version 12.00
# Visual Studio Version 17
VisualStudioVersion = 17.8.34316.72
MinimumVisualStudioVersion = 10.0.40219.1
Project("{FAE04EC0-301F-11D3-BF4B-00C04F79EFBC}") = "HELLO", "HELLO\HELLO.csproj", "{681E81A8-CB8A-44A1-9509-1F06755F3A10}"
EndProject
Global
	GlobalSection(SolutionConfigurationPlatforms) = preSolution
		Debug|Any CPU = Debug|Any CPU
		Release|Any CPU = Release|Any CPU
	EndGlobalSection
	GlobalSection(ProjectConfigurationPlatforms) = postSolution
		{681E81A8-CB8A-44A1-9509-1F06755F3A10}.Debug|Any CPU.ActiveCfg = Debug|Any CPU
		{681E81A8-CB8A-44A1-9509-1F06755F3A10}.Debug|Any CPU.Build.0 = Debug|Any CPU
		{681E81A8-CB8A-44A1-9509-1F06755F3A10}.Release|Any CPU.ActiveCfg = Release|Any CPU
		{681E81A8-CB8A-44A1-9509-1F06755F3A10}.Release|Any CPU.Build.0 = Release|Any CPU
	EndGlobalSection
	GlobalSection(SolutionProperties) = preSolution
		HideSolutionNode = FALSE
	EndGlobalSection
	GlobalSection(ExtensibilityGlobals) = postSolution
		SolutionGuid = {4D805F44-D606-48D0-A9D1-DC67203B92F7}
	EndGlobalSection
EndGlobal
